
Microsoft Visual Studio Solution File, Format Version 12.00
# Visual Studio Version 17
VisualStudioVersion = 17.7.34221.43
MinimumVisualStudioVersion = 10.0.40219.1
Project("{9A19103F-16F7-4668-BE54-9A1E7A4F7556}") = "Customers.Api", "Customers.Api.csproj", "{7A45E3F2-BE3A-498B-8730-DA561F8DDAC3}"
EndProject
Project("{FAE04EC0-301F-11D3-BF4B-00C04F79EFBC}") = "Consumers", "..\Consumers\Consumers.csproj", "{0547EB75-DAFF-43E2-B97E-0757B5425CEA}"
EndProject
Global
	GlobalSection(SolutionConfigurationPlatforms) = preSolution
		Debug|Any CPU = Debug|Any CPU
		Release|Any CPU = Release|Any CPU
	EndGlobalSection
	GlobalSection(ProjectConfigurationPlatforms) = postSolution
		{7A45E3F2-BE3A-498B-8730-DA561F8DDAC3}.Debug|Any CPU.ActiveCfg = Debug|Any CPU
		{7A45E3F2-BE3A-498B-8730-DA561F8DDAC3}.Debug|Any CPU.Build.0 = Debug|Any CPU
		{7A45E3F2-BE3A-498B-8730-DA561F8DDAC3}.Release|Any CPU.ActiveCfg = Release|Any CPU
		{7A45E3F2-BE3A-498B-8730-DA561F8DDAC3}.Release|Any CPU.Build.0 = Release|Any CPU
		{0547EB75-DAFF-43E2-B97E-0757B5425CEA}.Debug|Any CPU.ActiveCfg = Debug|Any CPU
		{0547EB75-DAFF-43E2-B97E-0757B5425CEA}.Debug|Any CPU.Build.0 = Debug|Any CPU
		{0547EB75-DAFF-43E2-B97E-0757B5425CEA}.Release|Any CPU.ActiveCfg = Release|Any CPU
		{0547EB75-DAFF-43E2-B97E-0757B5425CEA}.Release|Any CPU.Build.0 = Release|Any CPU
	EndGlobalSection
	GlobalSection(SolutionProperties) = preSolution
		HideSolutionNode = FALSE
	EndGlobalSection
	GlobalSection(ExtensibilityGlobals) = postSolution
		SolutionGuid = {98BC0135-FDAA-45CE-B7C4-596E8B6EA8E8}
	EndGlobalSection
EndGlobal
